
Microsoft Visual Studio Solution File, Format Version 12.00
# Visual Studio Version 16
VisualStudioVersion = 16.0.30804.86
MinimumVisualStudioVersion = 10.0.40219.1
Project("{9A19103F-16F7-4668-BE54-9A1E7A4F7556}") = "Kampintro", "Kampintro\Kampintro.csproj", "{C9E0C2AB-811A-4647-B619-0FE41058F933}"
EndProject
Project("{9A19103F-16F7-4668-BE54-9A1E7A4F7556}") = "Donguler", "Donguler\Donguler.csproj", "{80AB145C-5308-40CF-9840-D6B44A1B74EB}"
EndProject
Project("{9A19103F-16F7-4668-BE54-9A1E7A4F7556}") = "Classintro", "Classintro\Classintro.csproj", "{359BDAF2-4E18-420B-8E6B-D4DE7298F5C6}"
EndProject
Project("{FAE04EC0-301F-11D3-BF4B-00C04F79EFBC}") = "OdevClaslar", "OdevClaslar\OdevClaslar.csproj", "{B2A16E0D-552A-48B9-AC00-4CDA900EF3A2}"
EndProject
Project("{FAE04EC0-301F-11D3-BF4B-00C04F79EFBC}") = "Metotlar", "Metotlar\Metotlar.csproj", "{F941D5BB-146B-4080-94AF-7333A7ADF819}"
EndProject
Project("{FAE04EC0-301F-11D3-BF4B-00C04F79EFBC}") = "Matematik", "Matematik\Matematik.csproj", "{649B4921-4FAC-4005-8A82-4A78E2D169EA}"
EndProject
Project("{FAE04EC0-301F-11D3-BF4B-00C04F79EFBC}") = "DegerVeReferansTipler", "DegerVeReferansTipler\DegerVeReferansTipler.csproj", "{C053982A-E6B4-4D8F-B519-7BD6FE0723DC}"
EndProject
Global
	GlobalSection(SolutionConfigurationPlatforms) = preSolution
		Debug|Any CPU = Debug|Any CPU
		Release|Any CPU = Release|Any CPU
	EndGlobalSection
	GlobalSection(ProjectConfigurationPlatforms) = postSolution
		{C9E0C2AB-811A-4647-B619-0FE41058F933}.Debug|Any CPU.ActiveCfg = Debug|Any CPU
		{C9E0C2AB-811A-4647-B619-0FE41058F933}.Debug|Any CPU.Build.0 = Debug|Any CPU
		{C9E0C2AB-811A-4647-B619-0FE41058F933}.Release|Any CPU.ActiveCfg = Release|Any CPU
		{C9E0C2AB-811A-4647-B619-0FE41058F933}.Release|Any CPU.Build.0 = Release|Any CPU
		{80AB145C-5308-40CF-9840-D6B44A1B74EB}.Debug|Any CPU.ActiveCfg = Debug|Any CPU
		{80AB145C-5308-40CF-9840-D6B44A1B74EB}.Debug|Any CPU.Build.0 = Debug|Any CPU
		{80AB145C-5308-40CF-9840-D6B44A1B74EB}.Release|Any CPU.ActiveCfg = Release|Any CPU
		{80AB145C-5308-40CF-9840-D6B44A1B74EB}.Release|Any CPU.Build.0 = Release|Any CPU
		{359BDAF2-4E18-420B-8E6B-D4DE7298F5C6}.Debug|Any CPU.ActiveCfg = Debug|Any CPU
		{359BDAF2-4E18-420B-8E6B-D4DE7298F5C6}.Debug|Any CPU.Build.0 = Debug|Any CPU
		{359BDAF2-4E18-420B-8E6B-D4DE7298F5C6}.Release|Any CPU.ActiveCfg = Release|Any CPU
		{359BDAF2-4E18-420B-8E6B-D4DE7298F5C6}.Release|Any CPU.Build.0 = Release|Any CPU
		{B2A16E0D-552A-48B9-AC00-4CDA900EF3A2}.Debug|Any CPU.ActiveCfg = Debug|Any CPU
		{B2A16E0D-552A-48B9-AC00-4CDA900EF3A2}.Debug|Any CPU.Build.0 = Debug|Any CPU
		{B2A16E0D-552A-48B9-AC00-4CDA900EF3A2}.Release|Any CPU.ActiveCfg = Release|Any CPU
		{B2A16E0D-552A-48B9-AC00-4CDA900EF3A2}.Release|Any CPU.Build.0 = Release|Any CPU
		{F941D5BB-146B-4080-94AF-7333A7ADF819}.Debug|Any CPU.ActiveCfg = Debug|Any CPU
		{F941D5BB-146B-4080-94AF-7333A7ADF819}.Debug|Any CPU.Build.0 = Debug|Any CPU
		{F941D5BB-146B-4080-94AF-7333A7ADF819}.Release|Any CPU.ActiveCfg = Release|Any CPU
		{F941D5BB-146B-4080-94AF-7333A7ADF819}.Release|Any CPU.Build.0 = Release|Any CPU
		{649B4921-4FAC-4005-8A82-4A78E2D169EA}.Debug|Any CPU.ActiveCfg = Debug|Any CPU
		{649B4921-4FAC-4005-8A82-4A78E2D169EA}.Debug|Any CPU.Build.0 = Debug|Any CPU
		{649B4921-4FAC-4005-8A82-4A78E2D169EA}.Release|Any CPU.ActiveCfg = Release|Any CPU
		{649B4921-4FAC-4005-8A82-4A78E2D169EA}.Release|Any CPU.Build.0 = Release|Any CPU
		{C053982A-E6B4-4D8F-B519-7BD6FE0723DC}.Debug|Any CPU.ActiveCfg = Debug|Any CPU
		{C053982A-E6B4-4D8F-B519-7BD6FE0723DC}.Debug|Any CPU.Build.0 = Debug|Any CPU
		{C053982A-E6B4-4D8F-B519-7BD6FE0723DC}.Release|Any CPU.ActiveCfg = Release|Any CPU
		{C053982A-E6B4-4D8F-B519-7BD6FE0723DC}.Release|Any CPU.Build.0 = Release|Any CPU
	EndGlobalSection
	GlobalSection(SolutionProperties) = preSolution
		HideSolutionNode = FALSE
	EndGlobalSection
	GlobalSection(ExtensibilityGlobals) = postSolution
		SolutionGuid = {FC52F10C-17EA-4D43-9ECB-2C5E04E7D41F}
	EndGlobalSection
EndGlobal
